// !$*UTF8*$!
{
	archiveVersion = 1;
	classes = {
	};
	objectVersion = 50;
	objects = {

/* Begin PBXBuildFile section */
		84244B7021E66B3C00BDD2F8 /* AppDelegate.swift in Sources */ = {isa = PBXBuildFile; fileRef = 84244B6F21E66B3C00BDD2F8 /* AppDelegate.swift */; };
		84244B7221E66B3C00BDD2F8 /* ViewController.swift in Sources */ = {isa = PBXBuildFile; fileRef = 84244B7121E66B3C00BDD2F8 /* ViewController.swift */; };
		84244B7521E66B3C00BDD2F8 /* Main.storyboard in Resources */ = {isa = PBXBuildFile; fileRef = 84244B7321E66B3C00BDD2F8 /* Main.storyboard */; };
		84244B7721E66B3D00BDD2F8 /* Assets.xcassets in Resources */ = {isa = PBXBuildFile; fileRef = 84244B7621E66B3D00BDD2F8 /* Assets.xcassets */; };
		84244B7A21E66B3D00BDD2F8 /* LaunchScreen.storyboard in Resources */ = {isa = PBXBuildFile; fileRef = 84244B7821E66B3D00BDD2F8 /* LaunchScreen.storyboard */; };
		84244B8521E66B3D00BDD2F8 /* GeolocalizacionTests.swift in Sources */ = {isa = PBXBuildFile; fileRef = 84244B8421E66B3D00BDD2F8 /* GeolocalizacionTests.swift */; };
		84244B9021E66B3D00BDD2F8 /* GeolocalizacionUITests.swift in Sources */ = {isa = PBXBuildFile; fileRef = 84244B8F21E66B3D00BDD2F8 /* GeolocalizacionUITests.swift */; };
/* End PBXBuildFile section */

/* Begin PBXContainerItemProxy section */
		84244B8121E66B3D00BDD2F8 /* PBXContainerItemProxy */ = {
			isa = PBXContainerItemProxy;
			containerPortal = 84244B6421E66B3C00BDD2F8 /* Project object */;
			proxyType = 1;
			remoteGlobalIDString = 84244B6B21E66B3C00BDD2F8;
			remoteInfo = Geolocalizacion;
		};
		84244B8C21E66B3D00BDD2F8 /* PBXContainerItemProxy */ = {
			isa = PBXContainerItemProxy;
			containerPortal = 84244B6421E66B3C00BDD2F8 /* Project object */;
			proxyType = 1;
			remoteGlobalIDString = 84244B6B21E66B3C00BDD2F8;
			remoteInfo = Geolocalizacion;
		};
/* End PBXContainerItemProxy section */

/* Begin PBXFileReference section */
		84244B6C21E66B3C00BDD2F8 /* Geolocalizacion.app */ = {isa = PBXFileReference; explicitFileType = wrapper.application; includeInIndex = 0; path = Geolocalizacion.app; sourceTree = BUILT_PRODUCTS_DIR; };
		84244B6F21E66B3C00BDD2F8 /* AppDelegate.swift */ = {isa = PBXFileReference; lastKnownFileType = sourcecode.swift; path = AppDelegate.swift; sourceTree = "<group>"; };
		84244B7121E66B3C00BDD2F8 /* ViewController.swift */ = {isa = PBXFileReference; lastKnownFileType = sourcecode.swift; path = ViewController.swift; sourceTree = "<group>"; };
		84244B7421E66B3C00BDD2F8 /* Base */ = {isa = PBXFileReference; lastKnownFileType = file.storyboard; name = Base; path = Base.lproj/Main.storyboard; sourceTree = "<group>"; };
		84244B7621E66B3D00BDD2F8 /* Assets.xcassets */ = {isa = PBXFileReference; lastKnownFileType = folder.assetcatalog; path = Assets.xcassets; sourceTree = "<group>"; };
		84244B7921E66B3D00BDD2F8 /* Base */ = {isa = PBXFileReference; lastKnownFileType = file.storyboard; name = Base; path = Base.lproj/LaunchScreen.storyboard; sourceTree = "<group>"; };
		84244B7B21E66B3D00BDD2F8 /* Info.plist */ = {isa = PBXFileReference; lastKnownFileType = text.plist.xml; path = Info.plist; sourceTree = "<group>"; };
		84244B8021E66B3D00BDD2F8 /* GeolocalizacionTests.xctest */ = {isa = PBXFileReference; explicitFileType = wrapper.cfbundle; includeInIndex = 0; path = GeolocalizacionTests.xctest; sourceTree = BUILT_PRODUCTS_DIR; };
		84244B8421E66B3D00BDD2F8 /* GeolocalizacionTests.swift */ = {isa = PBXFileReference; lastKnownFileType = sourcecode.swift; path = GeolocalizacionTests.swift; sourceTree = "<group>"; };
		84244B8621E66B3D00BDD2F8 /* Info.plist */ = {isa = PBXFileReference; lastKnownFileType = text.plist.xml; path = Info.plist; sourceTree = "<group>"; };
		84244B8B21E66B3D00BDD2F8 /* GeolocalizacionUITests.xctest */ = {isa = PBXFileReference; explicitFileType = wrapper.cfbundle; includeInIndex = 0; path = GeolocalizacionUITests.xctest; sourceTree = BUILT_PRODUCTS_DIR; };
		84244B8F21E66B3D00BDD2F8 /* GeolocalizacionUITests.swift */ = {isa = PBXFileReference; lastKnownFileType = sourcecode.swift; path = GeolocalizacionUITests.swift; sourceTree = "<group>"; };
		84244B9121E66B3D00BDD2F8 /* Info.plist */ = {isa = PBXFileReference; lastKnownFileType = text.plist.xml; path = Info.plist; sourceTree = "<group>"; };
/* End PBXFileReference section */

/* Begin PBXFrameworksBuildPhase section */
		84244B6921E66B3C00BDD2F8 /* Frameworks */ = {
			isa = PBXFrameworksBuildPhase;
			buildActionMask = 2147483647;
			files = (
			);
			runOnlyForDeploymentPostprocessing = 0;
		};
		84244B7D21E66B3D00BDD2F8 /* Frameworks */ = {
			isa = PBXFrameworksBuildPhase;
			buildActionMask = 2147483647;
			files = (
			);
			runOnlyForDeploymentPostprocessing = 0;
		};
		84244B8821E66B3D00BDD2F8 /* Frameworks */ = {
			isa = PBXFrameworksBuildPhase;
			buildActionMask = 2147483647;
			files = (
			);
			runOnlyForDeploymentPostprocessing = 0;
		};
/* End PBXFrameworksBuildPhase section */

/* Begin PBXGroup section */
		84244B6321E66B3C00BDD2F8 = {
			isa = PBXGroup;
			children = (
				84244B6E21E66B3C00BDD2F8 /* Geolocalizacion */,
				84244B8321E66B3D00BDD2F8 /* GeolocalizacionTests */,
				84244B8E21E66B3D00BDD2F8 /* GeolocalizacionUITests */,
				84244B6D21E66B3C00BDD2F8 /* Products */,
			);
			sourceTree = "<group>";
		};
		84244B6D21E66B3C00BDD2F8 /* Products */ = {
			isa = PBXGroup;
			children = (
				84244B6C21E66B3C00BDD2F8 /* Geolocalizacion.app */,
				84244B8021E66B3D00BDD2F8 /* GeolocalizacionTests.xctest */,
				84244B8B21E66B3D00BDD2F8 /* GeolocalizacionUITests.xctest */,
			);
			name = Products;
			sourceTree = "<group>";
		};
		84244B6E21E66B3C00BDD2F8 /* Geolocalizacion */ = {
			isa = PBXGroup;
			children = (
				84244B6F21E66B3C00BDD2F8 /* AppDelegate.swift */,
				84244B7121E66B3C00BDD2F8 /* ViewController.swift */,
				84244B7321E66B3C00BDD2F8 /* Main.storyboard */,
				84244B7621E66B3D00BDD2F8 /* Assets.xcassets */,
				84244B7821E66B3D00BDD2F8 /* LaunchScreen.storyboard */,
				84244B7B21E66B3D00BDD2F8 /* Info.plist */,
			);
			path = Geolocalizacion;
			sourceTree = "<group>";
		};
		84244B8321E66B3D00BDD2F8 /* GeolocalizacionTests */ = {
			isa = PBXGroup;
			children = (
				84244B8421E66B3D00BDD2F8 /* GeolocalizacionTests.swift */,
				84244B8621E66B3D00BDD2F8 /* Info.plist */,
			);
			path = GeolocalizacionTests;
			sourceTree = "<group>";
		};
		84244B8E21E66B3D00BDD2F8 /* GeolocalizacionUITests */ = {
			isa = PBXGroup;
			children = (
				84244B8F21E66B3D00BDD2F8 /* GeolocalizacionUITests.swift */,
				84244B9121E66B3D00BDD2F8 /* Info.plist */,
			);
			path = GeolocalizacionUITests;
			sourceTree = "<group>";
		};
/* End PBXGroup section */

/* Begin PBXNativeTarget section */
		84244B6B21E66B3C00BDD2F8 /* Geolocalizacion */ = {
			isa = PBXNativeTarget;
			buildConfigurationList = 84244B9421E66B3D00BDD2F8 /* Build configuration list for PBXNativeTarget "Geolocalizacion" */;
			buildPhases = (
				84244B6821E66B3C00BDD2F8 /* Sources */,
				84244B6921E66B3C00BDD2F8 /* Frameworks */,
				84244B6A21E66B3C00BDD2F8 /* Resources */,
			);
			buildRules = (
			);
			dependencies = (
			);
			name = Geolocalizacion;
			productName = Geolocalizacion;
			productReference = 84244B6C21E66B3C00BDD2F8 /* Geolocalizacion.app */;
			productType = "com.apple.product-type.application";
		};
		84244B7F21E66B3D00BDD2F8 /* GeolocalizacionTests */ = {
			isa = PBXNativeTarget;
			buildConfigurationList = 84244B9721E66B3D00BDD2F8 /* Build configuration list for PBXNativeTarget "GeolocalizacionTests" */;
			buildPhases = (
				84244B7C21E66B3D00BDD2F8 /* Sources */,
				84244B7D21E66B3D00BDD2F8 /* Frameworks */,
				84244B7E21E66B3D00BDD2F8 /* Resources */,
			);
			buildRules = (
			);
			dependencies = (
				84244B8221E66B3D00BDD2F8 /* PBXTargetDependency */,
			);
			name = GeolocalizacionTests;
			productName = GeolocalizacionTests;
			productReference = 84244B8021E66B3D00BDD2F8 /* GeolocalizacionTests.xctest */;
			productType = "com.apple.product-type.bundle.unit-test";
		};
		84244B8A21E66B3D00BDD2F8 /* GeolocalizacionUITests */ = {
			isa = PBXNativeTarget;
			buildConfigurationList = 84244B9A21E66B3D00BDD2F8 /* Build configuration list for PBXNativeTarget "GeolocalizacionUITests" */;
			buildPhases = (
				84244B8721E66B3D00BDD2F8 /* Sources */,
				84244B8821E66B3D00BDD2F8 /* Frameworks */,
				84244B8921E66B3D00BDD2F8 /* Resources */,
			);
			buildRules = (
			);
			dependencies = (
				84244B8D21E66B3D00BDD2F8 /* PBXTargetDependency */,
			);
			name = GeolocalizacionUITests;
			productName = GeolocalizacionUITests;
			productReference = 84244B8B21E66B3D00BDD2F8 /* GeolocalizacionUITests.xctest */;
			productType = "com.apple.product-type.bundle.ui-testing";
		};
/* End PBXNativeTarget section */

/* Begin PBXProject section */
		84244B6421E66B3C00BDD2F8 /* Project object */ = {
			isa = PBXProject;
			attributes = {
				LastSwiftUpdateCheck = 1000;
				LastUpgradeCheck = 1000;
				ORGANIZATIONNAME = wenceslao;
				TargetAttributes = {
					84244B6B21E66B3C00BDD2F8 = {
						CreatedOnToolsVersion = 10.0;
					};
					84244B7F21E66B3D00BDD2F8 = {
						CreatedOnToolsVersion = 10.0;
						TestTargetID = 84244B6B21E66B3C00BDD2F8;
					};
					84244B8A21E66B3D00BDD2F8 = {
						CreatedOnToolsVersion = 10.0;
						TestTargetID = 84244B6B21E66B3C00BDD2F8;
					};
				};
			};
			buildConfigurationList = 84244B6721E66B3C00BDD2F8 /* Build configuration list for PBXProject "Geolocalizacion" */;
			compatibilityVersion = "Xcode 9.3";
			developmentRegion = en;
			hasScannedForEncodings = 0;
			knownRegions = (
				en,
				Base,
			);
			mainGroup = 84244B6321E66B3C00BDD2F8;
			productRefGroup = 84244B6D21E66B3C00BDD2F8 /* Products */;
			projectDirPath = "";
			projectRoot = "";
			targets = (
				84244B6B21E66B3C00BDD2F8 /* Geolocalizacion */,
				84244B7F21E66B3D00BDD2F8 /* GeolocalizacionTests */,
				84244B8A21E66B3D00BDD2F8 /* GeolocalizacionUITests */,
			);
		};
/* End PBXProject section */

/* Begin PBXResourcesBuildPhase section */
		84244B6A21E66B3C00BDD2F8 /* Resources */ = {
			isa = PBXResourcesBuildPhase;
			buildActionMask = 2147483647;
			files = (
				84244B7A21E66B3D00BDD2F8 /* LaunchScreen.storyboard in Resources */,
				84244B7721E66B3D00BDD2F8 /* Assets.xcassets in Resources */,
				84244B7521E66B3C00BDD2F8 /* Main.storyboard in Resources */,
			);
			runOnlyForDeploymentPostprocessing = 0;
		};
		84244B7E21E66B3D00BDD2F8 /* Resources */ = {
			isa = PBXResourcesBuildPhase;
			buildActionMask = 2147483647;
			files = (
			);
			runOnlyForDeploymentPostprocessing = 0;
		};
		84244B8921E66B3D00BDD2F8 /* Resources */ = {
			isa = PBXResourcesBuildPhase;
			buildActionMask = 2147483647;
			files = (
			);
			runOnlyForDeploymentPostprocessing = 0;
		};
/* End PBXResourcesBuildPhase section */

/* Begin PBXSourcesBuildPhase section */
		84244B6821E66B3C00BDD2F8 /* Sources */ = {
			isa = PBXSourcesBuildPhase;
			buildActionMask = 2147483647;
			files = (
				84244B7221E66B3C00BDD2F8 /* ViewController.swift in Sources */,
				84244B7021E66B3C00BDD2F8 /* AppDelegate.swift in Sources */,
			);
			runOnlyForDeploymentPostprocessing = 0;
		};
		84244B7C21E66B3D00BDD2F8 /* Sources */ = {
			isa = PBXSourcesBuildPhase;
			buildActionMask = 2147483647;
			files = (
				84244B8521E66B3D00BDD2F8 /* GeolocalizacionTests.swift in Sources */,
			);
			runOnlyForDeploymentPostprocessing = 0;
		};
		84244B8721E66B3D00BDD2F8 /* Sources */ = {
			isa = PBXSourcesBuildPhase;
			buildActionMask = 2147483647;
			files = (
				84244B9021E66B3D00BDD2F8 /* GeolocalizacionUITests.swift in Sources */,
			);
			runOnlyForDeploymentPostprocessing = 0;
		};
/* End PBXSourcesBuildPhase section */

/* Begin PBXTargetDependency section */
		84244B8221E66B3D00BDD2F8 /* PBXTargetDependency */ = {
			isa = PBXTargetDependency;
			target = 84244B6B21E66B3C00BDD2F8 /* Geolocalizacion */;
			targetProxy = 84244B8121E66B3D00BDD2F8 /* PBXContainerItemProxy */;
		};
		84244B8D21E66B3D00BDD2F8 /* PBXTargetDependency */ = {
			isa = PBXTargetDependency;
			target = 84244B6B21E66B3C00BDD2F8 /* Geolocalizacion */;
			targetProxy = 84244B8C21E66B3D00BDD2F8 /* PBXContainerItemProxy */;
		};
/* End PBXTargetDependency section */

/* Begin PBXVariantGroup section */
		84244B7321E66B3C00BDD2F8 /* Main.storyboard */ = {
			isa = PBXVariantGroup;
			children = (
				84244B7421E66B3C00BDD2F8 /* Base */,
			);
			name = Main.storyboard;
			sourceTree = "<group>";
		};
		84244B7821E66B3D00BDD2F8 /* LaunchScreen.storyboard */ = {
			isa = PBXVariantGroup;
			children = (
				84244B7921E66B3D00BDD2F8 /* Base */,
			);
			name = LaunchScreen.storyboard;
			sourceTree = "<group>";
		};
/* End PBXVariantGroup section */

/* Begin XCBuildConfiguration section */
		84244B9221E66B3D00BDD2F8 /* Debug */ = {
			isa = XCBuildConfiguration;
			buildSettings = {
				ALWAYS_SEARCH_USER_PATHS = NO;
				CLANG_ANALYZER_NONNULL = YES;
				CLANG_ANALYZER_NUMBER_OBJECT_CONVERSION = YES_AGGRESSIVE;
				CLANG_CXX_LANGUAGE_STANDARD = "gnu++14";
				CLANG_CXX_LIBRARY = "libc++";
				CLANG_ENABLE_MODULES = YES;
				CLANG_ENABLE_OBJC_ARC = YES;
				CLANG_ENABLE_OBJC_WEAK = YES;
				CLANG_WARN_BLOCK_CAPTURE_AUTORELEASING = YES;
				CLANG_WARN_BOOL_CONVERSION = YES;
				CLANG_WARN_COMMA = YES;
				CLANG_WARN_CONSTANT_CONVERSION = YES;
				CLANG_WARN_DEPRECATED_OBJC_IMPLEMENTATIONS = YES;
				CLANG_WARN_DIRECT_OBJC_ISA_USAGE = YES_ERROR;
				CLANG_WARN_DOCUMENTATION_COMMENTS = YES;
				CLANG_WARN_EMPTY_BODY = YES;
				CLANG_WARN_ENUM_CONVERSION = YES;
				CLANG_WARN_INFINITE_RECURSION = YES;
				CLANG_WARN_INT_CONVERSION = YES;
				CLANG_WARN_NON_LITERAL_NULL_CONVERSION = YES;
				CLANG_WARN_OBJC_IMPLICIT_RETAIN_SELF = YES;
				CLANG_WARN_OBJC_LITERAL_CONVERSION = YES;
				CLANG_WARN_OBJC_ROOT_CLASS = YES_ERROR;
				CLANG_WARN_RANGE_LOOP_ANALYSIS = YES;
				CLANG_WARN_STRICT_PROTOTYPES = YES;
				CLANG_WARN_SUSPICIOUS_MOVE = YES;
				CLANG_WARN_UNGUARDED_AVAILABILITY = YES_AGGRESSIVE;
				CLANG_WARN_UNREACHABLE_CODE = YES;
				CLANG_WARN__DUPLICATE_METHOD_MATCH = YES;
				CODE_SIGN_IDENTITY = "iPhone Developer";
				COPY_PHASE_STRIP = NO;
				DEBUG_INFORMATION_FORMAT = dwarf;
				ENABLE_STRICT_OBJC_MSGSEND = YES;
				ENABLE_TESTABILITY = YES;
				GCC_C_LANGUAGE_STANDARD = gnu11;
				GCC_DYNAMIC_NO_PIC = NO;
				GCC_NO_COMMON_BLOCKS = YES;
				GCC_OPTIMIZATION_LEVEL = 0;
				GCC_PREPROCESSOR_DEFINITIONS = (
					"DEBUG=1",
					"$(inherited)",
				);
				GCC_WARN_64_TO_32_BIT_CONVERSION = YES;
				GCC_WARN_ABOUT_RETURN_TYPE = YES_ERROR;
				GCC_WARN_UNDECLARED_SELECTOR = YES;
				GCC_WARN_UNINITIALIZED_AUTOS = YES_AGGRESSIVE;
				GCC_WARN_UNUSED_FUNCTION = YES;
				GCC_WARN_UNUSED_VARIABLE = YES;
				IPHONEOS_DEPLOYMENT_TARGET = 12.0;
				MTL_ENABLE_DEBUG_INFO = INCLUDE_SOURCE;
				MTL_FAST_MATH = YES;
				ONLY_ACTIVE_ARCH = YES;
				SDKROOT = iphoneos;
				SWIFT_ACTIVE_COMPILATION_CONDITIONS = DEBUG;
				SWIFT_OPTIMIZATION_LEVEL = "-Onone";
			};
			name = Debug;
		};
		84244B9321E66B3D00BDD2F8 /* Release */ = {
			isa = XCBuildConfiguration;
			buildSettings = {
				ALWAYS_SEARCH_USER_PATHS = NO;
				CLANG_ANALYZER_NONNULL = YES;
				CLANG_ANALYZER_NUMBER_OBJECT_CONVERSION = YES_AGGRESSIVE;
				CLANG_CXX_LANGUAGE_STANDARD = "gnu++14";
				CLANG_CXX_LIBRARY = "libc++";
				CLANG_ENABLE_MODULES = YES;
				CLANG_ENABLE_OBJC_ARC = YES;
				CLANG_ENABLE_OBJC_WEAK = YES;
				CLANG_WARN_BLOCK_CAPTURE_AUTORELEASING = YES;
				CLANG_WARN_BOOL_CONVERSION = YES;
				CLANG_WARN_COMMA = YES;
				CLANG_WARN_CONSTANT_CONVERSION = YES;
				CLANG_WARN_DEPRECATED_OBJC_IMPLEMENTATIONS = YES;
				CLANG_WARN_DIRECT_OBJC_ISA_USAGE = YES_ERROR;
				CLANG_WARN_DOCUMENTATION_COMMENTS = YES;
				CLANG_WARN_EMPTY_BODY = YES;
				CLANG_WARN_ENUM_CONVERSION = YES;
				CLANG_WARN_INFINITE_RECURSION = YES;
				CLANG_WARN_INT_CONVERSION = YES;
				CLANG_WARN_NON_LITERAL_NULL_CONVERSION = YES;
				CLANG_WARN_OBJC_IMPLICIT_RETAIN_SELF = YES;
				CLANG_WARN_OBJC_LITERAL_CONVERSION = YES;
				CLANG_WARN_OBJC_ROOT_CLASS = YES_ERROR;
				CLANG_WARN_RANGE_LOOP_ANALYSIS = YES;
				CLANG_WARN_STRICT_PROTOTYPES = YES;
				CLANG_WARN_SUSPICIOUS_MOVE = YES;
				CLANG_WARN_UNGUARDED_AVAILABILITY = YES_AGGRESSIVE;
				CLANG_WARN_UNREACHABLE_CODE = YES;
				CLANG_WARN__DUPLICATE_METHOD_MATCH = YES;
				CODE_SIGN_IDENTITY = "iPhone Developer";
				COPY_PHASE_STRIP = NO;
				DEBUG_INFORMATION_FORMAT = "dwarf-with-dsym";
				ENABLE_NS_ASSERTIONS = NO;
				ENABLE_STRICT_OBJC_MSGSEND = YES;
				GCC_C_LANGUAGE_STANDARD = gnu11;
				GCC_NO_COMMON_BLOCKS = YES;
				GCC_WARN_64_TO_32_BIT_CONVERSION = YES;
				GCC_WARN_ABOUT_RETURN_TYPE = YES_ERROR;
				GCC_WARN_UNDECLARED_SELECTOR = YES;
				GCC_WARN_UNINITIALIZED_AUTOS = YES_AGGRESSIVE;
				GCC_WARN_UNUSED_FUNCTION = YES;
				GCC_WARN_UNUSED_VARIABLE = YES;
				IPHONEOS_DEPLOYMENT_TARGET = 12.0;
				MTL_ENABLE_DEBUG_INFO = NO;
				MTL_FAST_MATH = YES;
				SDKROOT = iphoneos;
				SWIFT_COMPILATION_MODE = wholemodule;
				SWIFT_OPTIMIZATION_LEVEL = "-O";
				VALIDATE_PRODUCT = YES;
			};
			name = Release;
		};
		84244B9521E66B3D00BDD2F8 /* Debug */ = {
			isa = XCBuildConfiguration;
			buildSettings = {
				ASSETCATALOG_COMPILER_APPICON_NAME = AppIcon;
				CODE_SIGN_STYLE = Automatic;
				INFOPLIST_FILE = Geolocalizacion/Info.plist;
				LD_RUNPATH_SEARCH_PATHS = (
					"$(inherited)",
					"@executable_path/Frameworks",
				);
				PRODUCT_BUNDLE_IDENTIFIER = wenceslao.com.Geolocalizacion;
				PRODUCT_NAME = "$(TARGET_NAME)";
				SWIFT_VERSION = 4.2;
				TARGETED_DEVICE_FAMILY = "1,2";
			};
			name = Debug;
		};
		84244B9621E66B3D00BDD2F8 /* Release */ = {
			isa = XCBuildConfiguration;
			buildSettings = {
				ASSETCATALOG_COMPILER_APPICON_NAME = AppIcon;
				CODE_SIGN_STYLE = Automatic;
				INFOPLIST_FILE = Geolocalizacion/Info.plist;
				LD_RUNPATH_SEARCH_PATHS = (
					"$(inherited)",
					"@executable_path/Frameworks",
				);
				PRODUCT_BUNDLE_IDENTIFIER = wenceslao.com.Geolocalizacion;
				PRODUCT_NAME = "$(TARGET_NAME)";
				SWIFT_VERSION = 4.2;
				TARGETED_DEVICE_FAMILY = "1,2";
			};
			name = Release;
		};
		84244B9821E66B3D00BDD2F8 /* Debug */ = {
			isa = XCBuildConfiguration;
			buildSettings = {
				ALWAYS_EMBED_SWIFT_STANDARD_LIBRARIES = YES;
				BUNDLE_LOADER = "$(TEST_HOST)";
				CODE_SIGN_STYLE = Automatic;
				INFOPLIST_FILE = GeolocalizacionTests/Info.plist;
				LD_RUNPATH_SEARCH_PATHS = (
					"$(inherited)",
					"@executable_path/Frameworks",
					"@loader_path/Frameworks",
				);
				PRODUCT_BUNDLE_IDENTIFIER = wenceslao.com.GeolocalizacionTests;
				PRODUCT_NAME = "$(TARGET_NAME)";
				SWIFT_VERSION = 4.2;
				TARGETED_DEVICE_FAMILY = "1,2";
				TEST_HOST = "$(BUILT_PRODUCTS_DIR)/Geolocalizacion.app/Geolocalizacion";
			};
			name = Debug;
		};
		84244B9921E66B3D00BDD2F8 /* Release */ = {
			isa = XCBuildConfiguration;
			buildSettings = {
				ALWAYS_EMBED_SWIFT_STANDARD_LIBRARIES = YES;
				BUNDLE_LOADER = "$(TEST_HOST)";
				CODE_SIGN_STYLE = Automatic;
				INFOPLIST_FILE = GeolocalizacionTests/Info.plist;
				LD_RUNPATH_SEARCH_PATHS = (
					"$(inherited)",
					"@executable_path/Frameworks",
					"@loader_path/Frameworks",
				);
				PRODUCT_BUNDLE_IDENTIFIER = wenceslao.com.GeolocalizacionTests;
				PRODUCT_NAME = "$(TARGET_NAME)";
				SWIFT_VERSION = 4.2;
				TARGETED_DEVICE_FAMILY = "1,2";
				TEST_HOST = "$(BUILT_PRODUCTS_DIR)/Geolocalizacion.app/Geolocalizacion";
			};
			name = Release;
		};
		84244B9B21E66B3D00BDD2F8 /* Debug */ = {
			isa = XCBuildConfiguration;
			buildSettings = {
				ALWAYS_EMBED_SWIFT_STANDARD_LIBRARIES = YES;
				CODE_SIGN_STYLE = Automatic;
				INFOPLIST_FILE = GeolocalizacionUITests/Info.plist;
				LD_RUNPATH_SEARCH_PATHS = (
					"$(inherited)",
					"@executable_path/Frameworks",
					"@loader_path/Frameworks",
				);
				PRODUCT_BUNDLE_IDENTIFIER = wenceslao.com.GeolocalizacionUITests;
				PRODUCT_NAME = "$(TARGET_NAME)";
				SWIFT_VERSION = 4.2;
				TARGETED_DEVICE_FAMILY = "1,2";
				TEST_TARGET_NAME = Geolocalizacion;
			};
			name = Debug;
		};
		84244B9C21E66B3D00BDD2F8 /* Release */ = {
			isa = XCBuildConfiguration;
			buildSettings = {
				ALWAYS_EMBED_SWIFT_STANDARD_LIBRARIES = YES;
				CODE_SIGN_STYLE = Automatic;
				INFOPLIST_FILE = GeolocalizacionUITests/Info.plist;
				LD_RUNPATH_SEARCH_PATHS = (
					"$(inherited)",
					"@executable_path/Frameworks",
					"@loader_path/Frameworks",
				);
				PRODUCT_BUNDLE_IDENTIFIER = wenceslao.com.GeolocalizacionUITests;
				PRODUCT_NAME = "$(TARGET_NAME)";
				SWIFT_VERSION = 4.2;
				TARGETED_DEVICE_FAMILY = "1,2";
				TEST_TARGET_NAME = Geolocalizacion;
			};
			name = Release;
		};
/* End XCBuildConfiguration section */

/* Begin XCConfigurationList section */
		84244B6721E66B3C00BDD2F8 /* Build configuration list for PBXProject "Geolocalizacion" */ = {
			isa = XCConfigurationList;
			buildConfigurations = (
				84244B9221E66B3D00BDD2F8 /* Debug */,
				84244B9321E66B3D00BDD2F8 /* Release */,
			);
			defaultConfigurationIsVisible = 0;
			defaultConfigurationName = Release;
		};
		84244B9421E66B3D00BDD2F8 /* Build configuration list for PBXNativeTarget "Geolocalizacion" */ = {
			isa = XCConfigurationList;
			buildConfigurations = (
				84244B9521E66B3D00BDD2F8 /* Debug */,
				84244B9621E66B3D00BDD2F8 /* Release */,
			);
			defaultConfigurationIsVisible = 0;
			defaultConfigurationName = Release;
		};
		84244B9721E66B3D00BDD2F8 /* Build configuration list for PBXNativeTarget "GeolocalizacionTests" */ = {
			isa = XCConfigurationList;
			buildConfigurations = (
				84244B9821E66B3D00BDD2F8 /* Debug */,
				84244B9921E66B3D00BDD2F8 /* Release */,
			);
			defaultConfigurationIsVisible = 0;
			defaultConfigurationName = Release;
		};
		84244B9A21E66B3D00BDD2F8 /* Build configuration list for PBXNativeTarget "GeolocalizacionUITests" */ = {
			isa = XCConfigurationList;
			buildConfigurations = (
				84244B9B21E66B3D00BDD2F8 /* Debug */,
				84244B9C21E66B3D00BDD2F8 /* Release */,
			);
			defaultConfigurationIsVisible = 0;
			defaultConfigurationName = Release;
		};
/* End XCConfigurationList section */
	};
	rootObject = 84244B6421E66B3C00BDD2F8 /* Project object */;
}
